
Microsoft Visual Studio Solution File, Format Version 12.00
# Visual Studio Version 16
VisualStudioVersion = 25.0.1705.6
MinimumVisualStudioVersion = 10.0.40219.1
Project("{FAE04EC0-301F-11D3-BF4B-00C04F79EFBC}") = "Car", "Car\Car.csproj", "{F288A7C7-0E6B-47A0-A10A-8CCD56BDB596}"
EndProject
Global
	GlobalSection(SolutionConfigurationPlatforms) = preSolution
		Debug|Any CPU = Debug|Any CPU
		Release|Any CPU = Release|Any CPU
	EndGlobalSection
	GlobalSection(ProjectConfigurationPlatforms) = postSolution
		{F288A7C7-0E6B-47A0-A10A-8CCD56BDB596}.Debug|Any CPU.ActiveCfg = Debug|Any CPU
		{F288A7C7-0E6B-47A0-A10A-8CCD56BDB596}.Debug|Any CPU.Build.0 = Debug|Any CPU
		{F288A7C7-0E6B-47A0-A10A-8CCD56BDB596}.Release|Any CPU.ActiveCfg = Release|Any CPU
		{F288A7C7-0E6B-47A0-A10A-8CCD56BDB596}.Release|Any CPU.Build.0 = Release|Any CPU
	EndGlobalSection
	GlobalSection(SolutionProperties) = preSolution
		HideSolutionNode = FALSE
	EndGlobalSection
	GlobalSection(ExtensibilityGlobals) = postSolution
		SolutionGuid = {6250EF78-7D13-4EE7-917E-28B1784E447B}
	EndGlobalSection
EndGlobal
